
Microsoft Visual Studio Solution File, Format Version 12.00
# Visual Studio 15
VisualStudioVersion = 15.0.26124.0
MinimumVisualStudioVersion = 15.0.26124.0
Project("{FAE04EC0-301F-11D3-BF4B-00C04F79EFBC}") = "SegundoParcialWeb", "SegundoParcialWeb\SegundoParcialWeb.csproj", "{07F115DD-1E24-4599-8863-E500320B4C18}"
EndProject
Project("{FAE04EC0-301F-11D3-BF4B-00C04F79EFBC}") = "Datos", "Datos\Datos.csproj", "{B5EDE0C4-3AE1-45AE-91DD-FFE0C639F1A0}"
EndProject
Project("{FAE04EC0-301F-11D3-BF4B-00C04F79EFBC}") = "Logica", "Logica\Logica.csproj", "{C930441F-463D-4236-B8C2-C473A7FADD9F}"
EndProject
Project("{FAE04EC0-301F-11D3-BF4B-00C04F79EFBC}") = "Entity", "Entity\Entity.csproj", "{AE39E340-C15F-4FC7-B9B2-3D3C712DF4DB}"
EndProject
Global
	GlobalSection(SolutionConfigurationPlatforms) = preSolution
		Debug|Any CPU = Debug|Any CPU
		Debug|x64 = Debug|x64
		Debug|x86 = Debug|x86
		Release|Any CPU = Release|Any CPU
		Release|x64 = Release|x64
		Release|x86 = Release|x86
	EndGlobalSection
	GlobalSection(SolutionProperties) = preSolution
		HideSolutionNode = FALSE
	EndGlobalSection
	GlobalSection(ProjectConfigurationPlatforms) = postSolution
		{07F115DD-1E24-4599-8863-E500320B4C18}.Debug|Any CPU.ActiveCfg = Debug|Any CPU
		{07F115DD-1E24-4599-8863-E500320B4C18}.Debug|Any CPU.Build.0 = Debug|Any CPU
		{07F115DD-1E24-4599-8863-E500320B4C18}.Debug|x64.ActiveCfg = Debug|Any CPU
		{07F115DD-1E24-4599-8863-E500320B4C18}.Debug|x64.Build.0 = Debug|Any CPU
		{07F115DD-1E24-4599-8863-E500320B4C18}.Debug|x86.ActiveCfg = Debug|Any CPU
		{07F115DD-1E24-4599-8863-E500320B4C18}.Debug|x86.Build.0 = Debug|Any CPU
		{07F115DD-1E24-4599-8863-E500320B4C18}.Release|Any CPU.ActiveCfg = Release|Any CPU
		{07F115DD-1E24-4599-8863-E500320B4C18}.Release|Any CPU.Build.0 = Release|Any CPU
		{07F115DD-1E24-4599-8863-E500320B4C18}.Release|x64.ActiveCfg = Release|Any CPU
		{07F115DD-1E24-4599-8863-E500320B4C18}.Release|x64.Build.0 = Release|Any CPU
		{07F115DD-1E24-4599-8863-E500320B4C18}.Release|x86.ActiveCfg = Release|Any CPU
		{07F115DD-1E24-4599-8863-E500320B4C18}.Release|x86.Build.0 = Release|Any CPU
		{B5EDE0C4-3AE1-45AE-91DD-FFE0C639F1A0}.Debug|Any CPU.ActiveCfg = Debug|Any CPU
		{B5EDE0C4-3AE1-45AE-91DD-FFE0C639F1A0}.Debug|Any CPU.Build.0 = Debug|Any CPU
		{B5EDE0C4-3AE1-45AE-91DD-FFE0C639F1A0}.Debug|x64.ActiveCfg = Debug|Any CPU
		{B5EDE0C4-3AE1-45AE-91DD-FFE0C639F1A0}.Debug|x64.Build.0 = Debug|Any CPU
		{B5EDE0C4-3AE1-45AE-91DD-FFE0C639F1A0}.Debug|x86.ActiveCfg = Debug|Any CPU
		{B5EDE0C4-3AE1-45AE-91DD-FFE0C639F1A0}.Debug|x86.Build.0 = Debug|Any CPU
		{B5EDE0C4-3AE1-45AE-91DD-FFE0C639F1A0}.Release|Any CPU.ActiveCfg = Release|Any CPU
		{B5EDE0C4-3AE1-45AE-91DD-FFE0C639F1A0}.Release|Any CPU.Build.0 = Release|Any CPU
		{B5EDE0C4-3AE1-45AE-91DD-FFE0C639F1A0}.Release|x64.ActiveCfg = Release|Any CPU
		{B5EDE0C4-3AE1-45AE-91DD-FFE0C639F1A0}.Release|x64.Build.0 = Release|Any CPU
		{B5EDE0C4-3AE1-45AE-91DD-FFE0C639F1A0}.Release|x86.ActiveCfg = Release|Any CPU
		{B5EDE0C4-3AE1-45AE-91DD-FFE0C639F1A0}.Release|x86.Build.0 = Release|Any CPU
		{C930441F-463D-4236-B8C2-C473A7FADD9F}.Debug|Any CPU.ActiveCfg = Debug|Any CPU
		{C930441F-463D-4236-B8C2-C473A7FADD9F}.Debug|Any CPU.Build.0 = Debug|Any CPU
		{C930441F-463D-4236-B8C2-C473A7FADD9F}.Debug|x64.ActiveCfg = Debug|Any CPU
		{C930441F-463D-4236-B8C2-C473A7FADD9F}.Debug|x64.Build.0 = Debug|Any CPU
		{C930441F-463D-4236-B8C2-C473A7FADD9F}.Debug|x86.ActiveCfg = Debug|Any CPU
		{C930441F-463D-4236-B8C2-C473A7FADD9F}.Debug|x86.Build.0 = Debug|Any CPU
		{C930441F-463D-4236-B8C2-C473A7FADD9F}.Release|Any CPU.ActiveCfg = Release|Any CPU
		{C930441F-463D-4236-B8C2-C473A7FADD9F}.Release|Any CPU.Build.0 = Release|Any CPU
		{C930441F-463D-4236-B8C2-C473A7FADD9F}.Release|x64.ActiveCfg = Release|Any CPU
		{C930441F-463D-4236-B8C2-C473A7FADD9F}.Release|x64.Build.0 = Release|Any CPU
		{C930441F-463D-4236-B8C2-C473A7FADD9F}.Release|x86.ActiveCfg = Release|Any CPU
		{C930441F-463D-4236-B8C2-C473A7FADD9F}.Release|x86.Build.0 = Release|Any CPU
		{AE39E340-C15F-4FC7-B9B2-3D3C712DF4DB}.Debug|Any CPU.ActiveCfg = Debug|Any CPU
		{AE39E340-C15F-4FC7-B9B2-3D3C712DF4DB}.Debug|Any CPU.Build.0 = Debug|Any CPU
		{AE39E340-C15F-4FC7-B9B2-3D3C712DF4DB}.Debug|x64.ActiveCfg = Debug|Any CPU
		{AE39E340-C15F-4FC7-B9B2-3D3C712DF4DB}.Debug|x64.Build.0 = Debug|Any CPU
		{AE39E340-C15F-4FC7-B9B2-3D3C712DF4DB}.Debug|x86.ActiveCfg = Debug|Any CPU
		{AE39E340-C15F-4FC7-B9B2-3D3C712DF4DB}.Debug|x86.Build.0 = Debug|Any CPU
		{AE39E340-C15F-4FC7-B9B2-3D3C712DF4DB}.Release|Any CPU.ActiveCfg = Release|Any CPU
		{AE39E340-C15F-4FC7-B9B2-3D3C712DF4DB}.Release|Any CPU.Build.0 = Release|Any CPU
		{AE39E340-C15F-4FC7-B9B2-3D3C712DF4DB}.Release|x64.ActiveCfg = Release|Any CPU
		{AE39E340-C15F-4FC7-B9B2-3D3C712DF4DB}.Release|x64.Build.0 = Release|Any CPU
		{AE39E340-C15F-4FC7-B9B2-3D3C712DF4DB}.Release|x86.ActiveCfg = Release|Any CPU
		{AE39E340-C15F-4FC7-B9B2-3D3C712DF4DB}.Release|x86.Build.0 = Release|Any CPU
	EndGlobalSection
EndGlobal
